{
  "name": "tfs-mail-sendgrid",
  "version": "1.2.2",
  "lockfileVersion": 1,
  "requires": true,
  "dependencies": {
    "@sendgrid/client": {
      "version": "7.7.0",
      "resolved": "https://registry.npmjs.org/@sendgrid/client/-/client-7.7.0.tgz",
      "integrity": "sha512-SxH+y8jeAQSnDavrTD0uGDXYIIkFylCo+eDofVmZLQ0f862nnqbC3Vd1ej6b7Le7lboyzQF6F7Fodv02rYspuA==",
      "requires": {
        "@sendgrid/helpers": "^7.7.0",
        "axios": "^0.26.0"
      }
    },
    "@sendgrid/helpers": {
      "version": "7.7.0",
      "resolved": "https://registry.npmjs.org/@sendgrid/helpers/-/helpers-7.7.0.tgz",
      "integrity": "sha512-3AsAxfN3GDBcXoZ/y1mzAAbKzTtUZ5+ZrHOmWQ279AuaFXUNCh9bPnRpN504bgveTqoW+11IzPg3I0WVgDINpw==",
      "requires": {
        "deepmerge": "^4.2.2"
      }
    },
    "@sendgrid/mail": {
      "version": "7.7.0",
      "resolved": "https://registry.npmjs.org/@sendgrid/mail/-/mail-7.7.0.tgz",
      "integrity": "sha512-5+nApPE9wINBvHSUxwOxkkQqM/IAAaBYoP9hw7WwgDNQPxraruVqHizeTitVtKGiqWCKm2mnjh4XGN3fvFLqaw==",
      "requires": {
        "@sendgrid/client": "^7.7.0",
        "@sendgrid/helpers": "^7.7.0"
      }
    },
    "@types/concat-stream": {
      "version": "1.6.1",
      "resolved": "https://registry.npmjs.org/@types/concat-stream/-/concat-stream-1.6.1.tgz",
      "integrity": "sha512-eHE4cQPoj6ngxBZMvVf6Hw7Mh4jMW4U9lpGmS5GBPB9RYxlFg+CHaVN7ErNY4W9XfLIEn20b4VDYaIrbq0q4uA==",
      "requires": {
        "@types/node": "*"
      }
    },
    "@types/node": {
      "version": "11.10.5",
      "resolved": "https://tfs.citrus.nl/tfs/Citrus.NET/_packaging/Optimum/npm/registry/@types/node/-/node-11.10.5.tgz",
      "integrity": "sha512-DuIRlQbX4K+d5I+GMnv+UfnGh+ist0RdlvOp+JZ7ePJ6KQONCFQv/gKYSU1ZzbVdFSUCKZOltjmpFAGGv5MdYA=="
    },
    "@types/qs": {
      "version": "6.9.7",
      "resolved": "https://registry.npmjs.org/@types/qs/-/qs-6.9.7.tgz",
      "integrity": "sha512-FGa1F62FT09qcrueBA6qYTrJPVDzah9a+493+o2PCXsesWHIn27G98TsSMs3WPNbZIEj4+VJf6saSFpvD+3Zsw=="
    },
    "addressparser": {
      "version": "1.0.1",
      "resolved": "https://tfs.citrus.nl/tfs/Citrus.NET/_packaging/Optimum/npm/registry/addressparser/-/addressparser-1.0.1.tgz",
      "integrity": "sha1-R6++GiqSYhkdtoOOT9HTm0CCF0Y="
    },
    "asap": {
      "version": "2.0.6",
      "resolved": "https://registry.npmjs.org/asap/-/asap-2.0.6.tgz",
      "integrity": "sha512-BSHWgDSAiKs50o2Re8ppvp3seVHXSRM44cdSsT9FfNEUUZLOGWVCsiWaRPWM1Znn+mqZ1OfVZ3z3DWEzSp7hRA=="
    },
    "async.ensureasync": {
      "version": "0.5.2",
      "resolved": "https://tfs.citrus.nl/tfs/Citrus.NET/_packaging/Optimum/npm/registry/async.ensureasync/-/async.ensureasync-0.5.2.tgz",
      "integrity": "sha1-w8fkpOmzHZaHXVa4UEWYRG4eMF0=",
      "requires": {
        "async.util.ensureasync": "0.5.2"
      }
    },
    "async.queue": {
      "version": "0.5.2",
      "resolved": "https://tfs.citrus.nl/tfs/Citrus.NET/_packaging/Optimum/npm/registry/async.queue/-/async.queue-0.5.2.tgz",
      "integrity": "sha1-jV2QgS4UgQZrwJBOjMFxKxfDvXw=",
      "requires": {
        "async.util.queue": "0.5.2"
      }
    },
    "async.util.arrayeach": {
      "version": "0.5.2",
      "resolved": "https://tfs.citrus.nl/tfs/Citrus.NET/_packaging/Optimum/npm/registry/async.util.arrayeach/-/async.util.arrayeach-0.5.2.tgz",
      "integrity": "sha1-WMTpgCjVXWm/sFrrOvROClVagpw="
    },
    "async.util.ensureasync": {
      "version": "0.5.2",
      "resolved": "https://tfs.citrus.nl/tfs/Citrus.NET/_packaging/Optimum/npm/registry/async.util.ensureasync/-/async.util.ensureasync-0.5.2.tgz",
      "integrity": "sha1-EJB/LL0GegYfma5tIuCM7TDbDWg=",
      "requires": {
        "async.util.restparam": "0.5.2",
        "async.util.setimmediate": "0.5.2"
      }
    },
    "async.util.isarray": {
      "version": "0.5.2",
      "resolved": "https://tfs.citrus.nl/tfs/Citrus.NET/_packaging/Optimum/npm/registry/async.util.isarray/-/async.util.isarray-0.5.2.tgz",
      "integrity": "sha1-5i2sjyY29lh13PdSHC0k0N+yu98="
    },
    "async.util.map": {
      "version": "0.5.2",
      "resolved": "https://tfs.citrus.nl/tfs/Citrus.NET/_packaging/Optimum/npm/registry/async.util.map/-/async.util.map-0.5.2.tgz",
      "integrity": "sha1-5YjvhuCzq18CfZevTWg10FXKadY="
    },
    "async.util.noop": {
      "version": "0.5.2",
      "resolved": "https://tfs.citrus.nl/tfs/Citrus.NET/_packaging/Optimum/npm/registry/async.util.noop/-/async.util.noop-0.5.2.tgz",
      "integrity": "sha1-vdYrl8sKo/YLWGrRSEaGmJdeWLk="
    },
    "async.util.onlyonce": {
      "version": "0.5.2",
      "resolved": "https://tfs.citrus.nl/tfs/Citrus.NET/_packaging/Optimum/npm/registry/async.util.onlyonce/-/async.util.onlyonce-0.5.2.tgz",
      "integrity": "sha1-uOb8AErckjFk154y8oE+5GXCT/I="
    },
    "async.util.queue": {
      "version": "0.5.2",
      "resolved": "https://tfs.citrus.nl/tfs/Citrus.NET/_packaging/Optimum/npm/registry/async.util.queue/-/async.util.queue-0.5.2.tgz",
      "integrity": "sha1-V/Zavho83yc9MavSirlUJfgiLuU=",
      "requires": {
        "async.util.arrayeach": "0.5.2",
        "async.util.isarray": "0.5.2",
        "async.util.map": "0.5.2",
        "async.util.noop": "0.5.2",
        "async.util.onlyonce": "0.5.2",
        "async.util.setimmediate": "0.5.2"
      }
    },
    "async.util.restparam": {
      "version": "0.5.2",
      "resolved": "https://tfs.citrus.nl/tfs/Citrus.NET/_packaging/Optimum/npm/registry/async.util.restparam/-/async.util.restparam-0.5.2.tgz",
      "integrity": "sha1-A+/r88Ane5ciDlJaunUPXgT8gM0="
    },
    "async.util.setimmediate": {
      "version": "0.5.2",
      "resolved": "https://tfs.citrus.nl/tfs/Citrus.NET/_packaging/Optimum/npm/registry/async.util.setimmediate/-/async.util.setimmediate-0.5.2.tgz",
      "integrity": "sha1-KBLrq/KlgCd1jUvHeT0cz68QJV8="
    },
    "asynckit": {
      "version": "0.4.0",
      "resolved": "https://tfs.citrus.nl/tfs/Citrus.NET/_packaging/Optimum/npm/registry/asynckit/-/asynckit-0.4.0.tgz",
      "integrity": "sha1-x57Zf380y48robyXkLzDZkdLS3k="
    },
    "axios": {
      "version": "0.26.1",
      "resolved": "https://registry.npmjs.org/axios/-/axios-0.26.1.tgz",
      "integrity": "sha512-fPwcX4EvnSHuInCMItEhAGnaSEXRBjtzh9fOtsE6E1G6p7vl7edEeZe11QHf18+6+9gR5PbKV/sGKNaD8YaMeA==",
      "requires": {
        "follow-redirects": "^1.14.8"
      }
    },
    "azure-pipelines-task-lib": {
      "version": "4.3.1",
      "resolved": "https://registry.npmjs.org/azure-pipelines-task-lib/-/azure-pipelines-task-lib-4.3.1.tgz",
      "integrity": "sha512-AEwz0+Sofv80UviCYsS6fzyX5zzsLapmNCMNUoaRePZQVN+oQBStix1DGg4fdZf9zJ6acNd9xEBZQWbWuZu5Zg==",
      "requires": {
        "minimatch": "3.0.5",
        "mockery": "^2.1.0",
        "q": "^1.5.1",
        "semver": "^5.1.0",
        "shelljs": "^0.8.5",
        "sync-request": "6.1.0",
        "uuid": "^3.0.1"
      }
    },
    "balanced-match": {
      "version": "1.0.2",
      "resolved": "https://registry.npmjs.org/balanced-match/-/balanced-match-1.0.2.tgz",
      "integrity": "sha512-3oSeUO0TMV67hN1AmbXsK4yaqU7tjiHlbxRDZOpH0KW9+CeX4bRAaX0Anxt0tx2MrpRpWwQaPwIlISEJhYU5Pw=="
    },
    "bottleneck": {
      "version": "1.16.0",
      "resolved": "https://tfs.citrus.nl/tfs/Citrus.NET/_packaging/Optimum/npm/registry/bottleneck/-/bottleneck-1.16.0.tgz",
      "integrity": "sha1-1s4TgIUnr8gLaQkvFWBmVeWyHxo="
    },
    "brace-expansion": {
      "version": "1.1.11",
      "resolved": "https://registry.npmjs.org/brace-expansion/-/brace-expansion-1.1.11.tgz",
      "integrity": "sha512-iCuPHDFgrHX7H2vEI/5xpz07zSHB00TpugqhmYtVmMO6518mCuRMoOYFldEBl0g187ufozdaHgWKcYFb61qGiA==",
      "requires": {
        "balanced-match": "^1.0.0",
        "concat-map": "0.0.1"
      }
    },
    "buffer-from": {
      "version": "1.1.2",
      "resolved": "https://registry.npmjs.org/buffer-from/-/buffer-from-1.1.2.tgz",
      "integrity": "sha512-E+XQCRwSbaaiChtv6k6Dwgc+bx+Bs6vuKJHHl5kox/BaKbhiXzqQOwK4cO22yElGp2OCmjwVhT3HmxgyPGnJfQ=="
    },
    "caseless": {
      "version": "0.12.0",
      "resolved": "https://tfs.citrus.nl/tfs/Citrus.NET/_packaging/Optimum/npm/registry/caseless/-/caseless-0.12.0.tgz",
      "integrity": "sha1-G2gcIf+EAzyCZUMJBolCDRhxUdw="
    },
    "combined-stream": {
      "version": "1.0.7",
      "resolved": "https://tfs.citrus.nl/tfs/Citrus.NET/_packaging/Optimum/npm/registry/combined-stream/-/combined-stream-1.0.7.tgz",
      "integrity": "sha512-brWl9y6vOB1xYPZcpZde3N9zDByXTosAeMDo4p1wzo6UMOX4vumB+TP1RZ76sfE6Md68Q0NJSrE/gbezd4Ul+w==",
      "requires": {
        "delayed-stream": "~1.0.0"
      }
    },
    "concat-map": {
      "version": "0.0.1",
      "resolved": "https://registry.npmjs.org/concat-map/-/concat-map-0.0.1.tgz",
      "integrity": "sha512-/Srv4dswyQNBfohGpz9o6Yb3Gz3SrUDqBH5rTuhGR7ahtlbYKnVxw2bCFMRljaA7EXHaXZ8wsHdodFvbkhKmqg=="
    },
    "concat-stream": {
      "version": "1.6.2",
      "resolved": "https://registry.npmjs.org/concat-stream/-/concat-stream-1.6.2.tgz",
      "integrity": "sha512-27HBghJxjiZtIk3Ycvn/4kbJk/1uZuJFfuPEns6LaEvpvG1f0hTea8lilrouyo9mVc2GWdcEZ8OLoGmSADlrCw==",
      "requires": {
        "buffer-from": "^1.0.0",
        "inherits": "^2.0.3",
        "readable-stream": "^2.2.2",
        "typedarray": "^0.0.6"
      }
    },
    "core-util-is": {
      "version": "1.0.2",
      "resolved": "https://tfs.citrus.nl/tfs/Citrus.NET/_packaging/Optimum/npm/registry/core-util-is/-/core-util-is-1.0.2.tgz",
      "integrity": "sha1-tf1UIgqivFq1eqtxQMlAdUUDwac="
    },
    "debounce": {
      "version": "1.2.0",
      "resolved": "https://tfs.citrus.nl/tfs/Citrus.NET/_packaging/Optimum/npm/registry/debounce/-/debounce-1.2.0.tgz",
      "integrity": "sha512-mYtLl1xfZLi1m4RtQYlZgJUNQjl4ZxVnHzIR8nLLgi4q1YT8o/WM+MK/f8yfcc9s5Ir5zRaPZyZU6xs1Syoocg=="
    },
    "debug": {
      "version": "2.6.9",
      "resolved": "https://tfs.citrus.nl/tfs/Citrus.NET/_packaging/Optimum/npm/registry/debug/-/debug-2.6.9.tgz",
      "integrity": "sha512-bC7ElrdJaJnPbAP+1EotYvqZsb3ecl5wi6Bfi6BJTUcNowp6cvspg0jXznRTKDjm/E7AdgFBVeAPVMNcKGsHMA==",
      "requires": {
        "ms": "2.0.0"
      }
    },
    "deepmerge": {
      "version": "4.3.1",
      "resolved": "https://registry.npmjs.org/deepmerge/-/deepmerge-4.3.1.tgz",
      "integrity": "sha512-3sUqbMEc77XqpdNO7FRyRog+eW3ph+GYCbj+rK+uYyRMuwsVy0rMiVtPn+QJlKFvWP/1PYpapqYn0Me2knFn+A=="
    },
    "delayed-stream": {
      "version": "1.0.0",
      "resolved": "https://tfs.citrus.nl/tfs/Citrus.NET/_packaging/Optimum/npm/registry/delayed-stream/-/delayed-stream-1.0.0.tgz",
      "integrity": "sha1-3zrhmayt+31ECqrgsp4icrJOxhk="
    },
    "encoding": {
      "version": "0.1.12",
      "resolved": "https://tfs.citrus.nl/tfs/Citrus.NET/_packaging/Optimum/npm/registry/encoding/-/encoding-0.1.12.tgz",
      "integrity": "sha1-U4tm8+5izRq1HsMjgp0flIDHS+s=",
      "requires": {
        "iconv-lite": "~0.4.13"
      }
    },
    "escape-string-regexp": {
      "version": "1.0.5",
      "resolved": "https://tfs.citrus.nl/tfs/Citrus.NET/_packaging/Optimum/npm/registry/escape-string-regexp/-/escape-string-regexp-1.0.5.tgz",
      "integrity": "sha1-G2HAViGQqN/2rjuyzwIAyhMLhtQ="
    },
    "extend": {
      "version": "3.0.2",
      "resolved": "https://tfs.citrus.nl/tfs/Citrus.NET/_packaging/Optimum/npm/registry/extend/-/extend-3.0.2.tgz",
      "integrity": "sha512-fjquC59cD7CyW6urNXK0FBufkZcoiGG80wTuPujX590cB5Ttln20E2UB4S/WARVqhXffZl2LNgS+gQdPIIim/g=="
    },
    "follow-redirects": {
      "version": "1.15.2",
      "resolved": "https://registry.npmjs.org/follow-redirects/-/follow-redirects-1.15.2.tgz",
      "integrity": "sha512-VQLG33o04KaQ8uYi2tVNbdrWp1QWxNNea+nmIB4EVM28v0hmP17z7aG1+wAkNzVq4KeXTq3221ye5qTJP91JwA=="
    },
    "form-data": {
      "version": "2.3.3",
      "resolved": "https://tfs.citrus.nl/tfs/Citrus.NET/_packaging/Optimum/npm/registry/form-data/-/form-data-2.3.3.tgz",
      "integrity": "sha512-1lLKB2Mu3aGP1Q/2eCOx0fNbRMe7XdwktwOruhfqqd0rIJWwN4Dh+E3hrPSlDCXnSR7UtZ1N38rVXm+6+MEhJQ==",
      "requires": {
        "asynckit": "^0.4.0",
        "combined-stream": "^1.0.6",
        "mime-types": "^2.1.12"
      }
    },
    "fs": {
      "version": "0.0.1-security",
      "resolved": "https://tfs.citrus.nl/tfs/Citrus.NET/_packaging/Optimum/npm/registry/fs/-/fs-0.0.1-security.tgz",
      "integrity": "sha1-invTcYa23d84E/I4WLV+yq9eQdQ="
    },
    "fs.realpath": {
      "version": "1.0.0",
      "resolved": "https://registry.npmjs.org/fs.realpath/-/fs.realpath-1.0.0.tgz",
      "integrity": "sha512-OO0pH2lK6a0hZnAdau5ItzHPI6pUlvI7jMVnxUQRtw4owF2wk8lOSabtGDCTP4Ggrg2MbGnWO9X8K1t4+fGMDw=="
    },
    "function-bind": {
      "version": "1.1.1",
      "resolved": "https://registry.npmjs.org/function-bind/-/function-bind-1.1.1.tgz",
      "integrity": "sha512-yIovAzMX49sF8Yl58fSCWJ5svSLuaibPxXQJFLmBObTuCr0Mf1KiPopGM9NiFjiYBCbfaa2Fh6breQ6ANVTI0A=="
    },
    "get-port": {
      "version": "3.2.0",
      "resolved": "https://registry.npmjs.org/get-port/-/get-port-3.2.0.tgz",
      "integrity": "sha512-x5UJKlgeUiNT8nyo/AcnwLnZuZNcSjSw0kogRB+Whd1fjjFq4B1hySFxSFWWSn4mIBzg3sRNUDFYc4g5gjPoLg=="
    },
    "glob": {
      "version": "7.2.3",
      "resolved": "https://registry.npmjs.org/glob/-/glob-7.2.3.tgz",
      "integrity": "sha512-nFR0zLpU2YCaRxwoCJvL6UvCH2JFyFVIvwTLsIf21AuHlMskA1hhTdk+LlYJtOlYt9v6dvszD2BGRqBL+iQK9Q==",
      "requires": {
        "fs.realpath": "^1.0.0",
        "inflight": "^1.0.4",
        "inherits": "2",
        "minimatch": "^3.1.1",
        "once": "^1.3.0",
        "path-is-absolute": "^1.0.0"
      },
      "dependencies": {
        "minimatch": {
          "version": "3.1.2",
          "resolved": "https://registry.npmjs.org/minimatch/-/minimatch-3.1.2.tgz",
          "integrity": "sha512-J7p63hRiAjw1NDEww1W7i37+ByIrOWO5XQQAzZ3VOcL0PNybwpfmV/N05zFAzwQ9USyEcX6t3UO+K5aqBQOIHw==",
          "requires": {
            "brace-expansion": "^1.1.7"
          }
        }
      }
    },
    "has": {
      "version": "1.0.3",
      "resolved": "https://registry.npmjs.org/has/-/has-1.0.3.tgz",
      "integrity": "sha512-f2dvO0VU6Oej7RkWJGrehjbzMAjFp5/VKPp5tTpWIV4JHHZK1/BxbFRtf/siA2SWTe09caDmVtYYzWEIbBS4zw==",
      "requires": {
        "function-bind": "^1.1.1"
      }
    },
    "http-basic": {
      "version": "8.1.3",
      "resolved": "https://registry.npmjs.org/http-basic/-/http-basic-8.1.3.tgz",
      "integrity": "sha512-/EcDMwJZh3mABI2NhGfHOGOeOZITqfkEO4p/xK+l3NpyncIHUQBoMvCSF/b5GqvKtySC2srL/GGG3+EtlqlmCw==",
      "requires": {
        "caseless": "^0.12.0",
        "concat-stream": "^1.6.2",
        "http-response-object": "^3.0.1",
        "parse-cache-control": "^1.0.1"
      }
    },
    "http-response-object": {
      "version": "3.0.2",
      "resolved": "https://registry.npmjs.org/http-response-object/-/http-response-object-3.0.2.tgz",
      "integrity": "sha512-bqX0XTF6fnXSQcEJ2Iuyr75yVakyjIDCqroJQ/aHfSdlM743Cwqoi2nDYMzLGWUcuTWGWy8AAvOKXTfiv6q9RA==",
      "requires": {
        "@types/node": "^10.0.3"
      },
      "dependencies": {
        "@types/node": {
          "version": "10.17.60",
          "resolved": "https://registry.npmjs.org/@types/node/-/node-10.17.60.tgz",
          "integrity": "sha512-F0KIgDJfy2nA3zMLmWGKxcH2ZVEtCZXHHdOQs2gSaQ27+lNeEfGxzkIw90aXswATX7AZ33tahPbzy6KAfUreVw=="
        }
      }
    },
    "iconv-lite": {
      "version": "0.4.24",
      "resolved": "https://tfs.citrus.nl/tfs/Citrus.NET/_packaging/Optimum/npm/registry/iconv-lite/-/iconv-lite-0.4.24.tgz",
      "integrity": "sha512-v3MXnZAcvnywkTUEZomIActle7RXXeedOR31wwl7VlyoXO4Qi9arvSenNQWne1TcRwhCL1HwLI21bEqdpj8/rA==",
      "requires": {
        "safer-buffer": ">= 2.1.2 < 3"
      }
    },
    "inflight": {
      "version": "1.0.6",
      "resolved": "https://registry.npmjs.org/inflight/-/inflight-1.0.6.tgz",
      "integrity": "sha512-k92I/b08q4wvFscXCLvqfsHCrjrF7yiXsQuIVvVE7N82W3+aqpzuUdBbfhWcy/FZR3/4IgflMgKLOsvPDrGCJA==",
      "requires": {
        "once": "^1.3.0",
        "wrappy": "1"
      }
    },
    "inherits": {
      "version": "2.0.4",
      "resolved": "https://registry.npmjs.org/inherits/-/inherits-2.0.4.tgz",
      "integrity": "sha512-k/vGaX4/Yla3WzyMCvTQOXYeIHvqOKtnqBduzTHpzpQZzAskKMhZ2K+EnBiSM9zGSoIFeMpXKxa4dYeZIQqewQ=="
    },
    "interpret": {
      "version": "1.4.0",
      "resolved": "https://registry.npmjs.org/interpret/-/interpret-1.4.0.tgz",
      "integrity": "sha512-agE4QfB2Lkp9uICn7BAqoscw4SZP9kTE2hxiFI3jBPmXJfdqiahTbUuKGsMoN2GtqL9AxhYioAcVvgsb1HvRbA=="
    },
    "is-core-module": {
      "version": "2.12.0",
      "resolved": "https://registry.npmjs.org/is-core-module/-/is-core-module-2.12.0.tgz",
      "integrity": "sha512-RECHCBCd/viahWmwj6enj19sKbHfJrddi/6cBDsNTKbNq0f7VeaUkBo60BqzvPqo/W54ChS62Z5qyun7cfOMqQ==",
      "requires": {
        "has": "^1.0.3"
      }
    },
    "isarray": {
      "version": "1.0.0",
      "resolved": "https://registry.npmjs.org/isarray/-/isarray-1.0.0.tgz",
      "integrity": "sha512-VLghIWNM6ELQzo7zwmcg0NmTVyWKYjvIeM83yjp0wRDTmUnrM678fQbcKBo6n2CJEF0szoG//ytg+TKla89ALQ=="
    },
    "lodash.chunk": {
      "version": "4.2.0",
      "resolved": "https://tfs.citrus.nl/tfs/Citrus.NET/_packaging/Optimum/npm/registry/lodash.chunk/-/lodash.chunk-4.2.0.tgz",
      "integrity": "sha1-ZuXOH3btJ7QwPYxlEujRIW6BBrw="
    },
    "mailparser": {
      "version": "0.6.2",
      "resolved": "https://tfs.citrus.nl/tfs/Citrus.NET/_packaging/Optimum/npm/registry/mailparser/-/mailparser-0.6.2.tgz",
      "integrity": "sha1-A8SGA5vfTfbNO2rcqqxBB9/bwGg=",
      "requires": {
        "encoding": "^0.1.12",
        "mime": "^1.3.4",
        "mimelib": "^0.3.0",
        "uue": "^3.1.0"
      }
    },
    "mime": {
      "version": "1.6.0",
      "resolved": "https://tfs.citrus.nl/tfs/Citrus.NET/_packaging/Optimum/npm/registry/mime/-/mime-1.6.0.tgz",
      "integrity": "sha512-x0Vn8spI+wuJ1O6S7gnbaQg8Pxh4NNHb7KSINmEWKiPE4RKOplvijn+NkmYmmRgP68mc70j2EbeTFRsrswaQeg=="
    },
    "mime-db": {
      "version": "1.38.0",
      "resolved": "https://tfs.citrus.nl/tfs/Citrus.NET/_packaging/Optimum/npm/registry/mime-db/-/mime-db-1.38.0.tgz",
      "integrity": "sha512-bqVioMFFzc2awcdJZIzR3HjZFX20QhilVS7hytkKrv7xFAn8bM1gzc/FOX2awLISvWe0PV8ptFKcon+wZ5qYkg=="
    },
    "mime-types": {
      "version": "2.1.22",
      "resolved": "https://tfs.citrus.nl/tfs/Citrus.NET/_packaging/Optimum/npm/registry/mime-types/-/mime-types-2.1.22.tgz",
      "integrity": "sha512-aGl6TZGnhm/li6F7yx82bJiBZwgiEa4Hf6CNr8YO+r5UHr53tSTYZb102zyU50DOWWKeOv0uQLRL0/9EiKWCog==",
      "requires": {
        "mime-db": "~1.38.0"
      }
    },
    "mimelib": {
      "version": "0.3.1",
      "resolved": "https://tfs.citrus.nl/tfs/Citrus.NET/_packaging/Optimum/npm/registry/mimelib/-/mimelib-0.3.1.tgz",
      "integrity": "sha1-eHrdJBXYJ6yzr27EvKHqlZZBiFM=",
      "requires": {
        "addressparser": "~1.0.1",
        "encoding": "~0.1.12"
      }
    },
    "minimatch": {
      "version": "3.0.5",
      "resolved": "https://registry.npmjs.org/minimatch/-/minimatch-3.0.5.tgz",
      "integrity": "sha512-tUpxzX0VAzJHjLu0xUfFv1gwVp9ba3IOuRAVH2EGuRW8a5emA2FlACLqiT/lDVtS1W+TGNwqz3sWaNyLgDJWuw==",
      "requires": {
        "brace-expansion": "^1.1.7"
      }
    },
    "mockery": {
      "version": "2.1.0",
      "resolved": "https://registry.npmjs.org/mockery/-/mockery-2.1.0.tgz",
      "integrity": "sha512-9VkOmxKlWXoDO/h1jDZaS4lH33aWfRiJiNT/tKj+8OGzrcFDLo8d0syGdbsc3Bc4GvRXPb+NMMvojotmuGJTvA=="
    },
    "ms": {
      "version": "2.0.0",
      "resolved": "https://tfs.citrus.nl/tfs/Citrus.NET/_packaging/Optimum/npm/registry/ms/-/ms-2.0.0.tgz",
      "integrity": "sha1-VgiurfwAvmwpAd9fmGF4jeDVl8g="
    },
    "nodemailer": {
      "version": "5.1.1",
      "resolved": "https://tfs.citrus.nl/tfs/Citrus.NET/_packaging/Optimum/npm/registry/nodemailer/-/nodemailer-5.1.1.tgz",
      "integrity": "sha512-hKGCoeNdFL2W7S76J/Oucbw0/qRlfG815tENdhzcqTpSjKgAN91mFOqU2lQUflRRxFM7iZvCyaFcAR9noc/CqQ=="
    },
    "once": {
      "version": "1.4.0",
      "resolved": "https://registry.npmjs.org/once/-/once-1.4.0.tgz",
      "integrity": "sha512-lNaJgI+2Q5URQBkccEKHTQOPaXdUxnZZElQTZY0MFUAuaEqe1E+Nyvgdz/aIyNi6Z9MzO5dv1H8n58/GELp3+w==",
      "requires": {
        "wrappy": "1"
      }
    },
    "parse-cache-control": {
      "version": "1.0.1",
      "resolved": "https://registry.npmjs.org/parse-cache-control/-/parse-cache-control-1.0.1.tgz",
      "integrity": "sha512-60zvsJReQPX5/QP0Kzfd/VrpjScIQ7SHBW6bFCYfEP+fp0Eppr1SHhIO5nd1PjZtvclzSzES9D/p5nFJurwfWg=="
    },
    "path-is-absolute": {
      "version": "1.0.1",
      "resolved": "https://registry.npmjs.org/path-is-absolute/-/path-is-absolute-1.0.1.tgz",
      "integrity": "sha512-AVbw3UJ2e9bq64vSaS9Am0fje1Pa8pbGqTTsmXfaIiMpnr5DlDhfJOuLj9Sf95ZPVDAUerDfEk88MPmPe7UCQg=="
    },
    "path-parse": {
      "version": "1.0.7",
      "resolved": "https://registry.npmjs.org/path-parse/-/path-parse-1.0.7.tgz",
      "integrity": "sha512-LDJzPVEEEPR+y48z93A0Ed0yXb8pAByGWo/k5YYdYgpY2/2EsOsksJrq7lOHxryrVOn1ejG6oAp8ahvOIQD8sw=="
    },
    "process-nextick-args": {
      "version": "2.0.1",
      "resolved": "https://registry.npmjs.org/process-nextick-args/-/process-nextick-args-2.0.1.tgz",
      "integrity": "sha512-3ouUOpQhtgrbOa17J7+uxOTpITYWaGP7/AhoR3+A+/1e9skrzelGi/dXzEYyvbxubEF6Wn2ypscTKiKJFFn1ag=="
    },
    "promise": {
      "version": "8.3.0",
      "resolved": "https://registry.npmjs.org/promise/-/promise-8.3.0.tgz",
      "integrity": "sha512-rZPNPKTOYVNEEKFaq1HqTgOwZD+4/YHS5ukLzQCypkj+OkYx7iv0mA91lJlpPPZ8vMau3IIGj5Qlwrx+8iiSmg==",
      "requires": {
        "asap": "~2.0.6"
      }
    },
    "q": {
      "version": "1.5.1",
      "resolved": "https://registry.npmjs.org/q/-/q-1.5.1.tgz",
      "integrity": "sha512-kV/CThkXo6xyFEZUugw/+pIOywXcDbFYgSct5cT3gqlbkBE1SJdwy6UQoZvodiWF/ckQLZyDE/Bu1M6gVu5lVw=="
    },
    "qs": {
      "version": "6.5.3",
      "resolved": "https://registry.npmjs.org/qs/-/qs-6.5.3.tgz",
      "integrity": "sha512-qxXIEh4pCGfHICj1mAJQ2/2XVZkjCDTcEgfoSQxc/fYivUZxTkk7L3bDBJSoNrEzXI17oUO5Dp07ktqE5KzczA=="
    },
    "readable-stream": {
      "version": "2.3.8",
      "resolved": "https://registry.npmjs.org/readable-stream/-/readable-stream-2.3.8.tgz",
      "integrity": "sha512-8p0AUk4XODgIewSi0l8Epjs+EVnWiK7NoDIEGU0HhE7+ZyY8D1IMY7odu5lRrFXGg71L15KG8QrPmum45RTtdA==",
      "requires": {
        "core-util-is": "~1.0.0",
        "inherits": "~2.0.3",
        "isarray": "~1.0.0",
        "process-nextick-args": "~2.0.0",
        "safe-buffer": "~5.1.1",
        "string_decoder": "~1.1.1",
        "util-deprecate": "~1.0.1"
      }
    },
    "rechoir": {
      "version": "0.6.2",
      "resolved": "https://registry.npmjs.org/rechoir/-/rechoir-0.6.2.tgz",
      "integrity": "sha512-HFM8rkZ+i3zrV+4LQjwQ0W+ez98pApMGM3HUrN04j3CqzPOzl9nmP15Y8YXNm8QHGv/eacOVEjqhmWpkRV0NAw==",
      "requires": {
        "resolve": "^1.1.6"
      }
    },
    "resolve": {
      "version": "1.22.2",
      "resolved": "https://registry.npmjs.org/resolve/-/resolve-1.22.2.tgz",
      "integrity": "sha512-Sb+mjNHOULsBv818T40qSPeRiuWLyaGMa5ewydRLFimneixmVy2zdivRl+AF6jaYPC8ERxGDmFSiqui6SfPd+g==",
      "requires": {
        "is-core-module": "^2.11.0",
        "path-parse": "^1.0.7",
        "supports-preserve-symlinks-flag": "^1.0.0"
      }
    },
    "safe-buffer": {
      "version": "5.1.2",
      "resolved": "https://tfs.citrus.nl/tfs/Citrus.NET/_packaging/Optimum/npm/registry/safe-buffer/-/safe-buffer-5.1.2.tgz",
      "integrity": "sha512-Gd2UZBJDkXlY7GbJxfsE8/nvKkUEU1G38c1siN6QP6a9PT9MmHB8GnpscSmMJSoF8LOIrt8ud/wPtojys4G6+g=="
    },
    "safer-buffer": {
      "version": "2.1.2",
      "resolved": "https://tfs.citrus.nl/tfs/Citrus.NET/_packaging/Optimum/npm/registry/safer-buffer/-/safer-buffer-2.1.2.tgz",
      "integrity": "sha512-YZo3K82SD7Riyi0E1EQPojLz7kpepnSQI9IyPbHHg1XXXevb5dJI7tpyN2ADxGcQbHG7vcyRHk0cbwqcQriUtg=="
    },
    "semver": {
      "version": "5.7.1",
      "resolved": "https://registry.npmjs.org/semver/-/semver-5.7.1.tgz",
      "integrity": "sha512-sauaDf/PZdVgrLTNYHRtpXa1iRiKcaebiKQ1BJdpQlWH2lCvexQdX55snPFyK7QzpudqbCI0qXFfOasHdyNDGQ=="
    },
    "sendgrid": {
      "version": "5.2.3",
      "resolved": "https://tfs.citrus.nl/tfs/Citrus.NET/_packaging/Optimum/npm/registry/sendgrid/-/sendgrid-5.2.3.tgz",
      "integrity": "sha512-FD7oR9TbJFUew1p0Vw9JX0wBetDyq634LzylSXz4n9+hwaf+6a9dNloZl8CcjpsX4NuEc3HJanTN4GjDwNyi4A==",
      "requires": {
        "async.ensureasync": "^0.5.2",
        "async.queue": "^0.5.2",
        "bottleneck": "^1.12.0",
        "debug": "^2.2.0",
        "lodash.chunk": "^4.2.0",
        "mailparser": "^0.6.1",
        "sendgrid-rest": "^2.3.0"
      }
    },
    "sendgrid-rest": {
      "version": "2.4.0",
      "resolved": "https://tfs.citrus.nl/tfs/Citrus.NET/_packaging/Optimum/npm/registry/sendgrid-rest/-/sendgrid-rest-2.4.0.tgz",
      "integrity": "sha512-3VRHhTnln17jPQNzBjEHO6u2Y7kLlhVnOvX0aGjr7yRVZpq5LXo0ilAFMsaHUfKVH+jFdCrHMAVLOAdtu6wLJA=="
    },
    "shelljs": {
      "version": "0.8.5",
      "resolved": "https://registry.npmjs.org/shelljs/-/shelljs-0.8.5.tgz",
      "integrity": "sha512-TiwcRcrkhHvbrZbnRcFYMLl30Dfov3HKqzp5tO5b4pt6G/SezKcYhmDg15zXVBswHmctSAQKznqNW2LO5tTDow==",
      "requires": {
        "glob": "^7.0.0",
        "interpret": "^1.0.0",
        "rechoir": "^0.6.2"
      }
    },
    "string_decoder": {
      "version": "1.1.1",
      "resolved": "https://registry.npmjs.org/string_decoder/-/string_decoder-1.1.1.tgz",
      "integrity": "sha512-n/ShnvDi6FHbbVfviro+WojiFzv+s8MPMHBczVePfUpDJLwoLT0ht1l4YwBCbi8pJAveEEdnkHyPyTP/mzRfwg==",
      "requires": {
        "safe-buffer": "~5.1.0"
      }
    },
    "supports-preserve-symlinks-flag": {
      "version": "1.0.0",
      "resolved": "https://registry.npmjs.org/supports-preserve-symlinks-flag/-/supports-preserve-symlinks-flag-1.0.0.tgz",
      "integrity": "sha512-ot0WnXS9fgdkgIcePe6RHNk1WA8+muPa6cSjeR3V8K27q9BB1rTE3R1p7Hv0z1ZyAc8s6Vvv8DIyWf681MAt0w=="
    },
    "sync-request": {
      "version": "6.1.0",
      "resolved": "https://registry.npmjs.org/sync-request/-/sync-request-6.1.0.tgz",
      "integrity": "sha512-8fjNkrNlNCrVc/av+Jn+xxqfCjYaBoHqCsDz6mt030UMxJGr+GSfCV1dQt2gRtlL63+VPidwDVLr7V2OcTSdRw==",
      "requires": {
        "http-response-object": "^3.0.1",
        "sync-rpc": "^1.2.1",
        "then-request": "^6.0.0"
      }
    },
    "sync-rpc": {
      "version": "1.3.6",
      "resolved": "https://registry.npmjs.org/sync-rpc/-/sync-rpc-1.3.6.tgz",
      "integrity": "sha512-J8jTXuZzRlvU7HemDgHi3pGnh/rkoqR/OZSjhTyyZrEkkYQbk7Z33AXp37mkPfPpfdOuj7Ex3H/TJM1z48uPQw==",
      "requires": {
        "get-port": "^3.1.0"
      }
    },
    "then-request": {
      "version": "6.0.2",
      "resolved": "https://registry.npmjs.org/then-request/-/then-request-6.0.2.tgz",
      "integrity": "sha512-3ZBiG7JvP3wbDzA9iNY5zJQcHL4jn/0BWtXIkagfz7QgOL/LqjCEOBQuJNZfu0XYnv5JhKh+cDxCPM4ILrqruA==",
      "requires": {
        "@types/concat-stream": "^1.6.0",
        "@types/form-data": "0.0.33",
        "@types/node": "^8.0.0",
        "@types/qs": "^6.2.31",
        "caseless": "~0.12.0",
        "concat-stream": "^1.6.0",
        "form-data": "^2.2.0",
        "http-basic": "^8.1.1",
        "http-response-object": "^3.0.1",
        "promise": "^8.0.0",
        "qs": "^6.4.0"
      },
      "dependencies": {
        "@types/form-data": {
          "version": "0.0.33",
          "resolved": "https://registry.npmjs.org/@types/form-data/-/form-data-0.0.33.tgz",
          "integrity": "sha512-8BSvG1kGm83cyJITQMZSulnl6QV8jqAGreJsc5tPu1Jq0vTSOiY/k24Wx82JRpWwZSqrala6sd5rWi6aNXvqcw==",
          "requires": {
            "@types/node": "*"
          }
        },
        "@types/node": {
          "version": "8.10.66",
          "resolved": "https://registry.npmjs.org/@types/node/-/node-8.10.66.tgz",
          "integrity": "sha512-tktOkFUA4kXx2hhhrB8bIFb5TbwzS4uOhKEmwiD+NoiL0qtP2OQ9mFldbgD4dV1djrlBYP6eBuQZiWjuHUpqFw=="
        }
      }
    },
    "typedarray": {
      "version": "0.0.6",
      "resolved": "https://registry.npmjs.org/typedarray/-/typedarray-0.0.6.tgz",
      "integrity": "sha512-/aCDEGatGvZ2BIk+HmLf4ifCJFwvKFNb9/JeZPMulfgFracn9QFcAf5GO8B/mweUjSoblS5In0cWhqpfs/5PQA=="
    },
    "urix": {
      "version": "0.1.0",
      "resolved": "https://tfs.citrus.nl/tfs/Citrus.NET/_packaging/Optimum/npm/registry/urix/-/urix-0.1.0.tgz",
      "integrity": "sha1-2pN/emLiH+wf0Y1Js1wpNQZ6bHI="
    },
    "util-deprecate": {
      "version": "1.0.2",
      "resolved": "https://registry.npmjs.org/util-deprecate/-/util-deprecate-1.0.2.tgz",
      "integrity": "sha512-EPD5q1uXyFxJpCrLnCc1nHnq3gOa6DZBocAIiI2TaSCA7VCJ1UJDMagCzIkXNsUYfD1daK//LTEQ8xiIbrHtcw=="
    },
    "uue": {
      "version": "3.1.2",
      "resolved": "https://tfs.citrus.nl/tfs/Citrus.NET/_packaging/Optimum/npm/registry/uue/-/uue-3.1.2.tgz",
      "integrity": "sha512-axKLXVqwtdI/czrjG0X8hyV1KLgeWx8F4KvSbvVCnS+RUvsQMGRjx0kfuZDXXqj0LYvVJmx3B9kWlKtEdRrJLg==",
      "requires": {
        "escape-string-regexp": "~1.0.5",
        "extend": "~3.0.0"
      }
    },
    "uuid": {
      "version": "3.3.2",
      "resolved": "https://tfs.citrus.nl/tfs/Citrus.NET/_packaging/Optimum/npm/registry/uuid/-/uuid-3.3.2.tgz",
      "integrity": "sha512-yXJmeNaw3DnnKAOKJE51sL/ZaYfWJRl1pK9dr19YFCu0ObS231AB1/LbqTKRAQ5kw8A90rA6fr4riOUpTZvQZA=="
    },
    "wrappy": {
      "version": "1.0.2",
      "resolved": "https://registry.npmjs.org/wrappy/-/wrappy-1.0.2.tgz",
      "integrity": "sha512-l4Sp/DRseor9wL6EvV2+TuQn63dMkPjZ/sp9XkghTEbV9KlPS1xUsZ3u7/IQO4wxtcFB4bgpQPRcR3QCvezPcQ=="
    }
  }
}
